{
  "version": 4,
  "terraform_version": "1.3.2",
  "serial": 53,
  "lineage": "0589a7f9-ae92-b5d3-50ea-b7985a1caf66",
  "outputs": {
    "private_connection_string": {
      "value": "ssh -i Saurabh-test-key.pem ec2-user@10.0.2.38",
      "type": "string"
    },
    "public_connection_string": {
      "value": "ssh -i Saurabh-test-key.pem ec2-user@34.229.246.63",
      "type": "string"
    }
  },
  "resources": [
    {
      "module": "module.ec2",
      "mode": "data",
      "type": "aws_ami",
      "name": "example",
      "provider": "provider[\"registry.terraform.io/hashicorp/aws\"]",
      "instances": [
        {
          "schema_version": 0,
          "attributes": {
            "architecture": "x86_64",
            "arn": "arn:aws:ec2:us-east-1::image/ami-0a0cf2b8bc4634fe1",
            "block_device_mappings": [
              {
                "device_name": "/dev/xvda",
                "ebs": {
                  "delete_on_termination": "true",
                  "encrypted": "false",
                  "iops": "0",
                  "snapshot_id": "snap-0bf1442b9cdb421f5",
                  "throughput": "125",
                  "volume_size": "8",
                  "volume_type": "gp3"
                },
                "no_device": "",
                "virtual_name": ""
              }
            ],
            "boot_mode": "",
            "creation_date": "2022-07-28T17:38:38.000Z",
            "deprecation_time": "2024-07-28T17:38:38.000Z",
            "description": "Amazon Linux 2022 AMI 2022.0.20220728.1 x86_64 HVM kernel-5.15",
            "ena_support": true,
            "executable_users": null,
            "filter": [
              {
                "name": "name",
                "values": [
                  "al2022-ami-2022.0.20220728.1-kernel-5.15-x86_64"
                ]
              },
              {
                "name": "root-device-type",
                "values": [
                  "ebs"
                ]
              },
              {
                "name": "virtualization-type",
                "values": [
                  "hvm"
                ]
              }
            ],
            "hypervisor": "xen",
            "id": "ami-0a0cf2b8bc4634fe1",
            "image_id": "ami-0a0cf2b8bc4634fe1",
            "image_location": "amazon/al2022-ami-2022.0.20220728.1-kernel-5.15-x86_64",
            "image_owner_alias": "amazon",
            "image_type": "machine",
            "imds_support": "",
            "include_deprecated": false,
            "kernel_id": "",
            "most_recent": true,
            "name": "al2022-ami-2022.0.20220728.1-kernel-5.15-x86_64",
            "name_regex": null,
            "owner_id": "137112412989",
            "owners": [
              "137112412989"
            ],
            "platform": "",
            "platform_details": "Linux/UNIX",
            "product_codes": [],
            "public": true,
            "ramdisk_id": "",
            "root_device_name": "/dev/xvda",
            "root_device_type": "ebs",
            "root_snapshot_id": "snap-0bf1442b9cdb421f5",
            "sriov_net_support": "simple",
            "state": "available",
            "state_reason": {
              "code": "UNSET",
              "message": "UNSET"
            },
            "tags": {},
            "timeouts": null,
            "tpm_support": "",
            "usage_operation": "RunInstances",
            "virtualization_type": "hvm"
          },
          "sensitive_attributes": []
        }
      ]
    },
    {
      "module": "module.ec2",
      "mode": "managed",
      "type": "aws_instance",
      "name": "ec2_private",
      "provider": "provider[\"registry.terraform.io/hashicorp/aws\"]",
      "instances": [
        {
          "schema_version": 1,
          "attributes": {
            "ami": "ami-0a0cf2b8bc4634fe1",
            "arn": "arn:aws:ec2:us-east-1:226789587175:instance/i-0e6a620bf6f15bc2b",
            "associate_public_ip_address": false,
            "availability_zone": "us-east-1b",
            "capacity_reservation_specification": [
              {
                "capacity_reservation_preference": "open",
                "capacity_reservation_target": []
              }
            ],
            "cpu_core_count": 1,
            "cpu_threads_per_core": 1,
            "credit_specification": [
              {
                "cpu_credits": "standard"
              }
            ],
            "disable_api_stop": false,
            "disable_api_termination": false,
            "ebs_block_device": [],
            "ebs_optimized": false,
            "enclave_options": [
              {
                "enabled": false
              }
            ],
            "ephemeral_block_device": [],
            "get_password_data": false,
            "hibernation": false,
            "host_id": null,
            "host_resource_group_arn": null,
            "iam_instance_profile": "",
            "id": "i-0e6a620bf6f15bc2b",
            "instance_initiated_shutdown_behavior": "stop",
            "instance_state": "running",
            "instance_type": "t2.micro",
            "ipv6_address_count": 0,
            "ipv6_addresses": [],
            "key_name": "Saurabh-test-key",
            "launch_template": [],
            "maintenance_options": [
              {
                "auto_recovery": "default"
              }
            ],
            "metadata_options": [
              {
                "http_endpoint": "enabled",
                "http_put_response_hop_limit": 1,
                "http_tokens": "optional",
                "instance_metadata_tags": "disabled"
              }
            ],
            "monitoring": false,
            "network_interface": [],
            "outpost_arn": "",
            "password_data": "",
            "placement_group": "",
            "placement_partition_number": null,
            "primary_network_interface_id": "eni-0e6ae00709e7cebd1",
            "private_dns": "ip-10-0-2-38.ec2.internal",
            "private_dns_name_options": [
              {
                "enable_resource_name_dns_a_record": false,
                "enable_resource_name_dns_aaaa_record": false,
                "hostname_type": "ip-name"
              }
            ],
            "private_ip": "10.0.2.38",
            "public_dns": "",
            "public_ip": "",
            "root_block_device": [
              {
                "delete_on_termination": true,
                "device_name": "/dev/xvda",
                "encrypted": false,
                "iops": 3000,
                "kms_key_id": "",
                "tags": {},
                "throughput": 125,
                "volume_id": "vol-08fe5f7a2351a644b",
                "volume_size": 8,
                "volume_type": "gp3"
              }
            ],
            "secondary_private_ips": [],
            "security_groups": [],
            "source_dest_check": true,
            "subnet_id": "subnet-014b5a5490c8167bf",
            "tags": {
              "Name": "EC2-PRIVATE"
            },
            "tags_all": {
              "Name": "EC2-PRIVATE"
            },
            "tenancy": "default",
            "timeouts": null,
            "user_data": "986e1d1dbad184bb8a0b6536dd2a5283772166d7",
            "user_data_base64": null,
            "user_data_replace_on_change": false,
            "volume_tags": null,
            "vpc_security_group_ids": [
              "sg-02b7c116845e5f2cc"
            ]
          },
          "sensitive_attributes": [],
          "private": "eyJlMmJmYjczMC1lY2FhLTExZTYtOGY4OC0zNDM2M2JjN2M0YzAiOnsiY3JlYXRlIjo2MDAwMDAwMDAwMDAsImRlbGV0ZSI6MTIwMDAwMDAwMDAwMCwidXBkYXRlIjo2MDAwMDAwMDAwMDB9LCJzY2hlbWFfdmVyc2lvbiI6IjEifQ==",
          "dependencies": [
            "module.ec2.data.aws_ami.example",
            "module.networking.aws_security_group.allow_ssh_priv",
            "module.networking.data.aws_availability_zones.available",
            "module.networking.module.vpc.aws_cloudwatch_log_group.flow_log",
            "module.networking.module.vpc.aws_customer_gateway.this",
            "module.networking.module.vpc.aws_db_subnet_group.database",
            "module.networking.module.vpc.aws_default_network_acl.this",
            "module.networking.module.vpc.aws_default_route_table.default",
            "module.networking.module.vpc.aws_default_security_group.this",
            "module.networking.module.vpc.aws_default_vpc.this",
            "module.networking.module.vpc.aws_egress_only_internet_gateway.this",
            "module.networking.module.vpc.aws_eip.nat",
            "module.networking.module.vpc.aws_elasticache_subnet_group.elasticache",
            "module.networking.module.vpc.aws_flow_log.this",
            "module.networking.module.vpc.aws_iam_policy.vpc_flow_log_cloudwatch",
            "module.networking.module.vpc.aws_iam_role.vpc_flow_log_cloudwatch",
            "module.networking.module.vpc.aws_iam_role_policy_attachment.vpc_flow_log_cloudwatch",
            "module.networking.module.vpc.aws_internet_gateway.this",
            "module.networking.module.vpc.aws_nat_gateway.this",
            "module.networking.module.vpc.aws_network_acl.database",
            "module.networking.module.vpc.aws_network_acl.elasticache",
            "module.networking.module.vpc.aws_network_acl.intra",
            "module.networking.module.vpc.aws_network_acl.outpost",
            "module.networking.module.vpc.aws_network_acl.private",
            "module.networking.module.vpc.aws_network_acl.public",
            "module.networking.module.vpc.aws_network_acl.redshift",
            "module.networking.module.vpc.aws_network_acl_rule.database_inbound",
            "module.networking.module.vpc.aws_network_acl_rule.database_outbound",
            "module.networking.module.vpc.aws_network_acl_rule.elasticache_inbound",
            "module.networking.module.vpc.aws_network_acl_rule.elasticache_outbound",
            "module.networking.module.vpc.aws_network_acl_rule.intra_inbound",
            "module.networking.module.vpc.aws_network_acl_rule.intra_outbound",
            "module.networking.module.vpc.aws_network_acl_rule.outpost_inbound",
            "module.networking.module.vpc.aws_network_acl_rule.outpost_outbound",
            "module.networking.module.vpc.aws_network_acl_rule.private_inbound",
            "module.networking.module.vpc.aws_network_acl_rule.private_outbound",
            "module.networking.module.vpc.aws_network_acl_rule.public_inbound",
            "module.networking.module.vpc.aws_network_acl_rule.public_outbound",
            "module.networking.module.vpc.aws_network_acl_rule.redshift_inbound",
            "module.networking.module.vpc.aws_network_acl_rule.redshift_outbound",
            "module.networking.module.vpc.aws_redshift_subnet_group.redshift",
            "module.networking.module.vpc.aws_route.database_internet_gateway",
            "module.networking.module.vpc.aws_route.database_ipv6_egress",
            "module.networking.module.vpc.aws_route.database_nat_gateway",
            "module.networking.module.vpc.aws_route.private_ipv6_egress",
            "module.networking.module.vpc.aws_route.private_nat_gateway",
            "module.networking.module.vpc.aws_route.public_internet_gateway",
            "module.networking.module.vpc.aws_route.public_internet_gateway_ipv6",
            "module.networking.module.vpc.aws_route_table.database",
            "module.networking.module.vpc.aws_route_table.elasticache",
            "module.networking.module.vpc.aws_route_table.intra",
            "module.networking.module.vpc.aws_route_table.private",
            "module.networking.module.vpc.aws_route_table.public",
            "module.networking.module.vpc.aws_route_table.redshift",
            "module.networking.module.vpc.aws_route_table_association.database",
            "module.networking.module.vpc.aws_route_table_association.elasticache",
            "module.networking.module.vpc.aws_route_table_association.intra",
            "module.networking.module.vpc.aws_route_table_association.outpost",
            "module.networking.module.vpc.aws_route_table_association.private",
            "module.networking.module.vpc.aws_route_table_association.public",
            "module.networking.module.vpc.aws_route_table_association.redshift",
            "module.networking.module.vpc.aws_route_table_association.redshift_public",
            "module.networking.module.vpc.aws_subnet.database",
            "module.networking.module.vpc.aws_subnet.elasticache",
            "module.networking.module.vpc.aws_subnet.intra",
            "module.networking.module.vpc.aws_subnet.outpost",
            "module.networking.module.vpc.aws_subnet.private",
            "module.networking.module.vpc.aws_subnet.public",
            "module.networking.module.vpc.aws_subnet.redshift",
            "module.networking.module.vpc.aws_vpc.this",
            "module.networking.module.vpc.aws_vpc_dhcp_options.this",
            "module.networking.module.vpc.aws_vpc_dhcp_options_association.this",
            "module.networking.module.vpc.aws_vpc_ipv4_cidr_block_association.this",
            "module.networking.module.vpc.aws_vpn_gateway.this",
            "module.networking.module.vpc.aws_vpn_gateway_attachment.this",
            "module.networking.module.vpc.aws_vpn_gateway_route_propagation.intra",
            "module.networking.module.vpc.aws_vpn_gateway_route_propagation.private",
            "module.networking.module.vpc.aws_vpn_gateway_route_propagation.public",
            "module.networking.module.vpc.data.aws_iam_policy_document.flow_log_cloudwatch_assume_role",
            "module.networking.module.vpc.data.aws_iam_policy_document.vpc_flow_log_cloudwatch",
            "module.ssh-key.aws_key_pair.key_pair",
            "module.ssh-key.tls_private_key.key"
          ]
        }
      ]
    },
    {
      "module": "module.ec2",
      "mode": "managed",
      "type": "aws_instance",
      "name": "ec2_public",
      "provider": "provider[\"registry.terraform.io/hashicorp/aws\"]",
      "instances": [
        {
          "schema_version": 1,
          "attributes": {
            "ami": "ami-0a0cf2b8bc4634fe1",
            "arn": "arn:aws:ec2:us-east-1:226789587175:instance/i-0255d123b133a5715",
            "associate_public_ip_address": true,
            "availability_zone": "us-east-1a",
            "capacity_reservation_specification": [
              {
                "capacity_reservation_preference": "open",
                "capacity_reservation_target": []
              }
            ],
            "cpu_core_count": 1,
            "cpu_threads_per_core": 1,
            "credit_specification": [
              {
                "cpu_credits": "standard"
              }
            ],
            "disable_api_stop": false,
            "disable_api_termination": false,
            "ebs_block_device": [],
            "ebs_optimized": false,
            "enclave_options": [
              {
                "enabled": false
              }
            ],
            "ephemeral_block_device": [],
            "get_password_data": false,
            "hibernation": false,
            "host_id": null,
            "host_resource_group_arn": null,
            "iam_instance_profile": "",
            "id": "i-0255d123b133a5715",
            "instance_initiated_shutdown_behavior": "stop",
            "instance_state": "running",
            "instance_type": "t2.micro",
            "ipv6_address_count": 0,
            "ipv6_addresses": [],
            "key_name": "Saurabh-test-key",
            "launch_template": [],
            "maintenance_options": [
              {
                "auto_recovery": "default"
              }
            ],
            "metadata_options": [
              {
                "http_endpoint": "enabled",
                "http_put_response_hop_limit": 1,
                "http_tokens": "optional",
                "instance_metadata_tags": "disabled"
              }
            ],
            "monitoring": false,
            "network_interface": [],
            "outpost_arn": "",
            "password_data": "",
            "placement_group": "",
            "placement_partition_number": null,
            "primary_network_interface_id": "eni-0e747d45fd5c2539e",
            "private_dns": "ip-10-0-101-61.ec2.internal",
            "private_dns_name_options": [
              {
                "enable_resource_name_dns_a_record": false,
                "enable_resource_name_dns_aaaa_record": false,
                "hostname_type": "ip-name"
              }
            ],
            "private_ip": "10.0.101.61",
            "public_dns": "",
            "public_ip": "34.229.246.63",
            "root_block_device": [
              {
                "delete_on_termination": true,
                "device_name": "/dev/xvda",
                "encrypted": false,
                "iops": 3000,
                "kms_key_id": "",
                "tags": {},
                "throughput": 125,
                "volume_id": "vol-0f9c70292f650facd",
                "volume_size": 8,
                "volume_type": "gp3"
              }
            ],
            "secondary_private_ips": [],
            "security_groups": [],
            "source_dest_check": true,
            "subnet_id": "subnet-060cc17b9c007c7c4",
            "tags": {
              "Name": "EC2-PUBLIC"
            },
            "tags_all": {
              "Name": "EC2-PUBLIC"
            },
            "tenancy": "default",
            "timeouts": null,
            "user_data": "986e1d1dbad184bb8a0b6536dd2a5283772166d7",
            "user_data_base64": null,
            "user_data_replace_on_change": false,
            "volume_tags": null,
            "vpc_security_group_ids": [
              "sg-06153a4071276143b"
            ]
          },
          "sensitive_attributes": [],
          "private": "eyJlMmJmYjczMC1lY2FhLTExZTYtOGY4OC0zNDM2M2JjN2M0YzAiOnsiY3JlYXRlIjo2MDAwMDAwMDAwMDAsImRlbGV0ZSI6MTIwMDAwMDAwMDAwMCwidXBkYXRlIjo2MDAwMDAwMDAwMDB9LCJzY2hlbWFfdmVyc2lvbiI6IjEifQ==",
          "dependencies": [
            "module.ec2.data.aws_ami.example",
            "module.networking.aws_security_group.allow_ssh_pub",
            "module.networking.data.aws_availability_zones.available",
            "module.networking.module.vpc.aws_cloudwatch_log_group.flow_log",
            "module.networking.module.vpc.aws_customer_gateway.this",
            "module.networking.module.vpc.aws_db_subnet_group.database",
            "module.networking.module.vpc.aws_default_network_acl.this",
            "module.networking.module.vpc.aws_default_route_table.default",
            "module.networking.module.vpc.aws_default_security_group.this",
            "module.networking.module.vpc.aws_default_vpc.this",
            "module.networking.module.vpc.aws_egress_only_internet_gateway.this",
            "module.networking.module.vpc.aws_eip.nat",
            "module.networking.module.vpc.aws_elasticache_subnet_group.elasticache",
            "module.networking.module.vpc.aws_flow_log.this",
            "module.networking.module.vpc.aws_iam_policy.vpc_flow_log_cloudwatch",
            "module.networking.module.vpc.aws_iam_role.vpc_flow_log_cloudwatch",
            "module.networking.module.vpc.aws_iam_role_policy_attachment.vpc_flow_log_cloudwatch",
            "module.networking.module.vpc.aws_internet_gateway.this",
            "module.networking.module.vpc.aws_nat_gateway.this",
            "module.networking.module.vpc.aws_network_acl.database",
            "module.networking.module.vpc.aws_network_acl.elasticache",
            "module.networking.module.vpc.aws_network_acl.intra",
            "module.networking.module.vpc.aws_network_acl.outpost",
            "module.networking.module.vpc.aws_network_acl.private",
            "module.networking.module.vpc.aws_network_acl.public",
            "module.networking.module.vpc.aws_network_acl.redshift",
            "module.networking.module.vpc.aws_network_acl_rule.database_inbound",
            "module.networking.module.vpc.aws_network_acl_rule.database_outbound",
            "module.networking.module.vpc.aws_network_acl_rule.elasticache_inbound",
            "module.networking.module.vpc.aws_network_acl_rule.elasticache_outbound",
            "module.networking.module.vpc.aws_network_acl_rule.intra_inbound",
            "module.networking.module.vpc.aws_network_acl_rule.intra_outbound",
            "module.networking.module.vpc.aws_network_acl_rule.outpost_inbound",
            "module.networking.module.vpc.aws_network_acl_rule.outpost_outbound",
            "module.networking.module.vpc.aws_network_acl_rule.private_inbound",
            "module.networking.module.vpc.aws_network_acl_rule.private_outbound",
            "module.networking.module.vpc.aws_network_acl_rule.public_inbound",
            "module.networking.module.vpc.aws_network_acl_rule.public_outbound",
            "module.networking.module.vpc.aws_network_acl_rule.redshift_inbound",
            "module.networking.module.vpc.aws_network_acl_rule.redshift_outbound",
            "module.networking.module.vpc.aws_redshift_subnet_group.redshift",
            "module.networking.module.vpc.aws_route.database_internet_gateway",
            "module.networking.module.vpc.aws_route.database_ipv6_egress",
            "module.networking.module.vpc.aws_route.database_nat_gateway",
            "module.networking.module.vpc.aws_route.private_ipv6_egress",
            "module.networking.module.vpc.aws_route.private_nat_gateway",
            "module.networking.module.vpc.aws_route.public_internet_gateway",
            "module.networking.module.vpc.aws_route.public_internet_gateway_ipv6",
            "module.networking.module.vpc.aws_route_table.database",
            "module.networking.module.vpc.aws_route_table.elasticache",
            "module.networking.module.vpc.aws_route_table.intra",
            "module.networking.module.vpc.aws_route_table.private",
            "module.networking.module.vpc.aws_route_table.public",
            "module.networking.module.vpc.aws_route_table.redshift",
            "module.networking.module.vpc.aws_route_table_association.database",
            "module.networking.module.vpc.aws_route_table_association.elasticache",
            "module.networking.module.vpc.aws_route_table_association.intra",
            "module.networking.module.vpc.aws_route_table_association.outpost",
            "module.networking.module.vpc.aws_route_table_association.private",
            "module.networking.module.vpc.aws_route_table_association.public",
            "module.networking.module.vpc.aws_route_table_association.redshift",
            "module.networking.module.vpc.aws_route_table_association.redshift_public",
            "module.networking.module.vpc.aws_subnet.database",
            "module.networking.module.vpc.aws_subnet.elasticache",
            "module.networking.module.vpc.aws_subnet.intra",
            "module.networking.module.vpc.aws_subnet.outpost",
            "module.networking.module.vpc.aws_subnet.private",
            "module.networking.module.vpc.aws_subnet.public",
            "module.networking.module.vpc.aws_subnet.redshift",
            "module.networking.module.vpc.aws_vpc.this",
            "module.networking.module.vpc.aws_vpc_dhcp_options.this",
            "module.networking.module.vpc.aws_vpc_dhcp_options_association.this",
            "module.networking.module.vpc.aws_vpc_ipv4_cidr_block_association.this",
            "module.networking.module.vpc.aws_vpn_gateway.this",
            "module.networking.module.vpc.aws_vpn_gateway_attachment.this",
            "module.networking.module.vpc.aws_vpn_gateway_route_propagation.intra",
            "module.networking.module.vpc.aws_vpn_gateway_route_propagation.private",
            "module.networking.module.vpc.aws_vpn_gateway_route_propagation.public",
            "module.networking.module.vpc.data.aws_iam_policy_document.flow_log_cloudwatch_assume_role",
            "module.networking.module.vpc.data.aws_iam_policy_document.vpc_flow_log_cloudwatch",
            "module.ssh-key.aws_key_pair.key_pair",
            "module.ssh-key.tls_private_key.key"
          ]
        }
      ]
    },
    {
      "module": "module.networking",
      "mode": "data",
      "type": "aws_availability_zones",
      "name": "available",
      "provider": "provider[\"registry.terraform.io/hashicorp/aws\"]",
      "instances": [
        {
          "schema_version": 0,
          "attributes": {
            "all_availability_zones": null,
            "exclude_names": null,
            "exclude_zone_ids": null,
            "filter": null,
            "group_names": [
              "us-east-1"
            ],
            "id": "us-east-1",
            "names": [
              "us-east-1a",
              "us-east-1b",
              "us-east-1c",
              "us-east-1d",
              "us-east-1e",
              "us-east-1f"
            ],
            "state": null,
            "timeouts": null,
            "zone_ids": [
              "use1-az6",
              "use1-az1",
              "use1-az2",
              "use1-az4",
              "use1-az3",
              "use1-az5"
            ]
          },
          "sensitive_attributes": []
        }
      ]
    },
    {
      "module": "module.networking",
      "mode": "managed",
      "type": "aws_security_group",
      "name": "allow_ssh_priv",
      "provider": "provider[\"registry.terraform.io/hashicorp/aws\"]",
      "instances": [
        {
          "schema_version": 1,
          "attributes": {
            "arn": "arn:aws:ec2:us-east-1:226789587175:security-group/sg-02b7c116845e5f2cc",
            "description": "Allow SSH inbound traffic",
            "egress": [
              {
                "cidr_blocks": [
                  "0.0.0.0/0"
                ],
                "description": "",
                "from_port": 0,
                "ipv6_cidr_blocks": [],
                "prefix_list_ids": [],
                "protocol": "-1",
                "security_groups": [],
                "self": false,
                "to_port": 0
              }
            ],
            "id": "sg-02b7c116845e5f2cc",
            "ingress": [
              {
                "cidr_blocks": [
                  "10.0.0.0/16"
                ],
                "description": "SSH only from internal VPC clients",
                "from_port": 22,
                "ipv6_cidr_blocks": [],
                "prefix_list_ids": [],
                "protocol": "tcp",
                "security_groups": [],
                "self": false,
                "to_port": 22
              },
              {
                "cidr_blocks": [
                  "10.0.0.0/16"
                ],
                "description": "SSH only from internal VPC clients",
                "from_port": 80,
                "ipv6_cidr_blocks": [],
                "prefix_list_ids": [],
                "protocol": "tcp",
                "security_groups": [],
                "self": false,
                "to_port": 80
              }
            ],
            "name": "Saurabh-test-allow_ssh_priv",
            "name_prefix": "",
            "owner_id": "226789587175",
            "revoke_rules_on_delete": false,
            "tags": {
              "Name": "Saurabh-test-allow_ssh_priv"
            },
            "tags_all": {
              "Name": "Saurabh-test-allow_ssh_priv"
            },
            "timeouts": null,
            "vpc_id": "vpc-0f40ad8e24a3985ad"
          },
          "sensitive_attributes": [],
          "private": "eyJlMmJmYjczMC1lY2FhLTExZTYtOGY4OC0zNDM2M2JjN2M0YzAiOnsiY3JlYXRlIjo2MDAwMDAwMDAwMDAsImRlbGV0ZSI6OTAwMDAwMDAwMDAwfSwic2NoZW1hX3ZlcnNpb24iOiIxIn0=",
          "dependencies": [
            "module.networking.module.vpc.aws_vpc.this"
          ]
        }
      ]
    },
    {
      "module": "module.networking",
      "mode": "managed",
      "type": "aws_security_group",
      "name": "allow_ssh_pub",
      "provider": "provider[\"registry.terraform.io/hashicorp/aws\"]",
      "instances": [
        {
          "schema_version": 1,
          "attributes": {
            "arn": "arn:aws:ec2:us-east-1:226789587175:security-group/sg-06153a4071276143b",
            "description": "Allow SSH inbound traffic",
            "egress": [
              {
                "cidr_blocks": [
                  "0.0.0.0/0"
                ],
                "description": "",
                "from_port": 0,
                "ipv6_cidr_blocks": [],
                "prefix_list_ids": [],
                "protocol": "-1",
                "security_groups": [],
                "self": false,
                "to_port": 0
              }
            ],
            "id": "sg-06153a4071276143b",
            "ingress": [
              {
                "cidr_blocks": [
                  "0.0.0.0/0"
                ],
                "description": "SSH from the internet",
                "from_port": 22,
                "ipv6_cidr_blocks": [],
                "prefix_list_ids": [],
                "protocol": "tcp",
                "security_groups": [],
                "self": false,
                "to_port": 22
              },
              {
                "cidr_blocks": [
                  "0.0.0.0/0"
                ],
                "description": "SSH from the internet",
                "from_port": 80,
                "ipv6_cidr_blocks": [],
                "prefix_list_ids": [],
                "protocol": "tcp",
                "security_groups": [],
                "self": false,
                "to_port": 80
              }
            ],
            "name": "Saurabh-test-allow_ssh",
            "name_prefix": "",
            "owner_id": "226789587175",
            "revoke_rules_on_delete": false,
            "tags": {
              "Name": "Saurabh-test-allow_ssh_pub"
            },
            "tags_all": {
              "Name": "Saurabh-test-allow_ssh_pub"
            },
            "timeouts": null,
            "vpc_id": "vpc-0f40ad8e24a3985ad"
          },
          "sensitive_attributes": [],
          "private": "eyJlMmJmYjczMC1lY2FhLTExZTYtOGY4OC0zNDM2M2JjN2M0YzAiOnsiY3JlYXRlIjo2MDAwMDAwMDAwMDAsImRlbGV0ZSI6OTAwMDAwMDAwMDAwfSwic2NoZW1hX3ZlcnNpb24iOiIxIn0=",
          "dependencies": [
            "module.networking.module.vpc.aws_vpc.this"
          ]
        }
      ]
    },
    {
      "module": "module.networking.module.vpc",
      "mode": "managed",
      "type": "aws_eip",
      "name": "nat",
      "provider": "provider[\"registry.terraform.io/hashicorp/aws\"]",
      "instances": [
        {
          "index_key": 0,
          "schema_version": 0,
          "attributes": {
            "address": null,
            "allocation_id": "eipalloc-01216d77b0373d8b2",
            "associate_with_private_ip": null,
            "association_id": "eipassoc-010f6d1955d6ede04",
            "carrier_ip": "",
            "customer_owned_ip": "",
            "customer_owned_ipv4_pool": "",
            "domain": "vpc",
            "id": "eipalloc-01216d77b0373d8b2",
            "instance": "",
            "network_border_group": "us-east-1",
            "network_interface": "eni-061eaa50cba00b95b",
            "private_dns": "ip-10-0-101-199.ec2.internal",
            "private_ip": "10.0.101.199",
            "public_dns": "ec2-34-233-222-184.compute-1.amazonaws.com",
            "public_ip": "34.233.222.184",
            "public_ipv4_pool": "amazon",
            "tags": {
              "Name": "Saurabh-test-vpc-us-east-1a"
            },
            "tags_all": {
              "Name": "Saurabh-test-vpc-us-east-1a"
            },
            "timeouts": null,
            "vpc": true
          },
          "sensitive_attributes": [],
          "private": "eyJlMmJmYjczMC1lY2FhLTExZTYtOGY4OC0zNDM2M2JjN2M0YzAiOnsiZGVsZXRlIjoxODAwMDAwMDAwMDAsInJlYWQiOjkwMDAwMDAwMDAwMCwidXBkYXRlIjozMDAwMDAwMDAwMDB9fQ==",
          "dependencies": [
            "module.networking.data.aws_availability_zones.available"
          ]
        }
      ]
    },
    {
      "module": "module.networking.module.vpc",
      "mode": "managed",
      "type": "aws_internet_gateway",
      "name": "this",
      "provider": "provider[\"registry.terraform.io/hashicorp/aws\"]",
      "instances": [
        {
          "index_key": 0,
          "schema_version": 0,
          "attributes": {
            "arn": "arn:aws:ec2:us-east-1:226789587175:internet-gateway/igw-0d6bea008357b4195",
            "id": "igw-0d6bea008357b4195",
            "owner_id": "226789587175",
            "tags": {
              "Name": "Saurabh-test-vpc"
            },
            "tags_all": {
              "Name": "Saurabh-test-vpc"
            },
            "timeouts": null,
            "vpc_id": "vpc-0f40ad8e24a3985ad"
          },
          "sensitive_attributes": [],
          "private": "eyJlMmJmYjczMC1lY2FhLTExZTYtOGY4OC0zNDM2M2JjN2M0YzAiOnsiY3JlYXRlIjoxMjAwMDAwMDAwMDAwLCJkZWxldGUiOjEyMDAwMDAwMDAwMDAsInVwZGF0ZSI6MTIwMDAwMDAwMDAwMH19",
          "dependencies": [
            "module.networking.module.vpc.aws_vpc.this",
            "module.networking.module.vpc.aws_vpc_ipv4_cidr_block_association.this"
          ]
        }
      ]
    },
    {
      "module": "module.networking.module.vpc",
      "mode": "managed",
      "type": "aws_nat_gateway",
      "name": "this",
      "provider": "provider[\"registry.terraform.io/hashicorp/aws\"]",
      "instances": [
        {
          "index_key": 0,
          "schema_version": 0,
          "attributes": {
            "allocation_id": "eipalloc-01216d77b0373d8b2",
            "connectivity_type": "public",
            "id": "nat-04fd4bd78920e8271",
            "network_interface_id": "eni-061eaa50cba00b95b",
            "private_ip": "10.0.101.199",
            "public_ip": "34.233.222.184",
            "subnet_id": "subnet-060cc17b9c007c7c4",
            "tags": {
              "Name": "Saurabh-test-vpc-us-east-1a"
            },
            "tags_all": {
              "Name": "Saurabh-test-vpc-us-east-1a"
            }
          },
          "sensitive_attributes": [],
          "private": "bnVsbA==",
          "dependencies": [
            "module.networking.data.aws_availability_zones.available",
            "module.networking.module.vpc.aws_eip.nat",
            "module.networking.module.vpc.aws_internet_gateway.this",
            "module.networking.module.vpc.aws_subnet.public",
            "module.networking.module.vpc.aws_vpc.this",
            "module.networking.module.vpc.aws_vpc_ipv4_cidr_block_association.this"
          ]
        }
      ]
    },
    {
      "module": "module.networking.module.vpc",
      "mode": "managed",
      "type": "aws_route",
      "name": "private_nat_gateway",
      "provider": "provider[\"registry.terraform.io/hashicorp/aws\"]",
      "instances": [
        {
          "index_key": 0,
          "schema_version": 0,
          "attributes": {
            "carrier_gateway_id": "",
            "core_network_arn": "",
            "destination_cidr_block": "0.0.0.0/0",
            "destination_ipv6_cidr_block": "",
            "destination_prefix_list_id": "",
            "egress_only_gateway_id": "",
            "gateway_id": "",
            "id": "r-rtb-001a3f08034d800921080289494",
            "instance_id": "",
            "instance_owner_id": "",
            "local_gateway_id": "",
            "nat_gateway_id": "nat-04fd4bd78920e8271",
            "network_interface_id": "",
            "origin": "CreateRoute",
            "route_table_id": "rtb-001a3f08034d80092",
            "state": "active",
            "timeouts": {
              "create": "5m",
              "delete": null,
              "update": null
            },
            "transit_gateway_id": "",
            "vpc_endpoint_id": "",
            "vpc_peering_connection_id": ""
          },
          "sensitive_attributes": [],
          "private": "eyJlMmJmYjczMC1lY2FhLTExZTYtOGY4OC0zNDM2M2JjN2M0YzAiOnsiY3JlYXRlIjozMDAwMDAwMDAwMDAsImRlbGV0ZSI6MzAwMDAwMDAwMDAwLCJ1cGRhdGUiOjEyMDAwMDAwMDAwMH19",
          "dependencies": [
            "module.networking.data.aws_availability_zones.available",
            "module.networking.module.vpc.aws_eip.nat",
            "module.networking.module.vpc.aws_internet_gateway.this",
            "module.networking.module.vpc.aws_nat_gateway.this",
            "module.networking.module.vpc.aws_route_table.private",
            "module.networking.module.vpc.aws_subnet.public",
            "module.networking.module.vpc.aws_vpc.this",
            "module.networking.module.vpc.aws_vpc_ipv4_cidr_block_association.this"
          ]
        }
      ]
    },
    {
      "module": "module.networking.module.vpc",
      "mode": "managed",
      "type": "aws_route",
      "name": "public_internet_gateway",
      "provider": "provider[\"registry.terraform.io/hashicorp/aws\"]",
      "instances": [
        {
          "index_key": 0,
          "schema_version": 0,
          "attributes": {
            "carrier_gateway_id": "",
            "core_network_arn": "",
            "destination_cidr_block": "0.0.0.0/0",
            "destination_ipv6_cidr_block": "",
            "destination_prefix_list_id": "",
            "egress_only_gateway_id": "",
            "gateway_id": "igw-0d6bea008357b4195",
            "id": "r-rtb-03c32cde7dda0fa891080289494",
            "instance_id": "",
            "instance_owner_id": "",
            "local_gateway_id": "",
            "nat_gateway_id": "",
            "network_interface_id": "",
            "origin": "CreateRoute",
            "route_table_id": "rtb-03c32cde7dda0fa89",
            "state": "active",
            "timeouts": {
              "create": "5m",
              "delete": null,
              "update": null
            },
            "transit_gateway_id": "",
            "vpc_endpoint_id": "",
            "vpc_peering_connection_id": ""
          },
          "sensitive_attributes": [],
          "private": "eyJlMmJmYjczMC1lY2FhLTExZTYtOGY4OC0zNDM2M2JjN2M0YzAiOnsiY3JlYXRlIjozMDAwMDAwMDAwMDAsImRlbGV0ZSI6MzAwMDAwMDAwMDAwLCJ1cGRhdGUiOjEyMDAwMDAwMDAwMH19",
          "dependencies": [
            "module.networking.module.vpc.aws_internet_gateway.this",
            "module.networking.module.vpc.aws_route_table.public",
            "module.networking.module.vpc.aws_vpc.this",
            "module.networking.module.vpc.aws_vpc_ipv4_cidr_block_association.this"
          ]
        }
      ]
    },
    {
      "module": "module.networking.module.vpc",
      "mode": "managed",
      "type": "aws_route_table",
      "name": "private",
      "provider": "provider[\"registry.terraform.io/hashicorp/aws\"]",
      "instances": [
        {
          "index_key": 0,
          "schema_version": 0,
          "attributes": {
            "arn": "arn:aws:ec2:us-east-1:226789587175:route-table/rtb-001a3f08034d80092",
            "id": "rtb-001a3f08034d80092",
            "owner_id": "226789587175",
            "propagating_vgws": [],
            "route": [
              {
                "carrier_gateway_id": "",
                "cidr_block": "0.0.0.0/0",
                "core_network_arn": "",
                "destination_prefix_list_id": "",
                "egress_only_gateway_id": "",
                "gateway_id": "",
                "instance_id": "",
                "ipv6_cidr_block": "",
                "local_gateway_id": "",
                "nat_gateway_id": "nat-04fd4bd78920e8271",
                "network_interface_id": "",
                "transit_gateway_id": "",
                "vpc_endpoint_id": "",
                "vpc_peering_connection_id": ""
              }
            ],
            "tags": {
              "Name": "Saurabh-test-vpc-private"
            },
            "tags_all": {
              "Name": "Saurabh-test-vpc-private"
            },
            "timeouts": null,
            "vpc_id": "vpc-0f40ad8e24a3985ad"
          },
          "sensitive_attributes": [],
          "private": "eyJlMmJmYjczMC1lY2FhLTExZTYtOGY4OC0zNDM2M2JjN2M0YzAiOnsiY3JlYXRlIjozMDAwMDAwMDAwMDAsImRlbGV0ZSI6MzAwMDAwMDAwMDAwLCJ1cGRhdGUiOjEyMDAwMDAwMDAwMH19",
          "dependencies": [
            "module.networking.data.aws_availability_zones.available",
            "module.networking.module.vpc.aws_vpc.this",
            "module.networking.module.vpc.aws_vpc_ipv4_cidr_block_association.this"
          ]
        }
      ]
    },
    {
      "module": "module.networking.module.vpc",
      "mode": "managed",
      "type": "aws_route_table",
      "name": "public",
      "provider": "provider[\"registry.terraform.io/hashicorp/aws\"]",
      "instances": [
        {
          "index_key": 0,
          "schema_version": 0,
          "attributes": {
            "arn": "arn:aws:ec2:us-east-1:226789587175:route-table/rtb-03c32cde7dda0fa89",
            "id": "rtb-03c32cde7dda0fa89",
            "owner_id": "226789587175",
            "propagating_vgws": [],
            "route": [
              {
                "carrier_gateway_id": "",
                "cidr_block": "0.0.0.0/0",
                "core_network_arn": "",
                "destination_prefix_list_id": "",
                "egress_only_gateway_id": "",
                "gateway_id": "igw-0d6bea008357b4195",
                "instance_id": "",
                "ipv6_cidr_block": "",
                "local_gateway_id": "",
                "nat_gateway_id": "",
                "network_interface_id": "",
                "transit_gateway_id": "",
                "vpc_endpoint_id": "",
                "vpc_peering_connection_id": ""
              }
            ],
            "tags": {
              "Name": "Saurabh-test-vpc-public"
            },
            "tags_all": {
              "Name": "Saurabh-test-vpc-public"
            },
            "timeouts": null,
            "vpc_id": "vpc-0f40ad8e24a3985ad"
          },
          "sensitive_attributes": [],
          "private": "eyJlMmJmYjczMC1lY2FhLTExZTYtOGY4OC0zNDM2M2JjN2M0YzAiOnsiY3JlYXRlIjozMDAwMDAwMDAwMDAsImRlbGV0ZSI6MzAwMDAwMDAwMDAwLCJ1cGRhdGUiOjEyMDAwMDAwMDAwMH19",
          "dependencies": [
            "module.networking.module.vpc.aws_vpc.this",
            "module.networking.module.vpc.aws_vpc_ipv4_cidr_block_association.this"
          ]
        }
      ]
    },
    {
      "module": "module.networking.module.vpc",
      "mode": "managed",
      "type": "aws_route_table_association",
      "name": "private",
      "provider": "provider[\"registry.terraform.io/hashicorp/aws\"]",
      "instances": [
        {
          "index_key": 0,
          "schema_version": 0,
          "attributes": {
            "gateway_id": "",
            "id": "rtbassoc-07ffc6423ff4f104c",
            "route_table_id": "rtb-001a3f08034d80092",
            "subnet_id": "subnet-07be9d7f7de45ffa8"
          },
          "sensitive_attributes": [],
          "private": "bnVsbA==",
          "dependencies": [
            "module.networking.data.aws_availability_zones.available",
            "module.networking.module.vpc.aws_route_table.private",
            "module.networking.module.vpc.aws_subnet.private",
            "module.networking.module.vpc.aws_vpc.this",
            "module.networking.module.vpc.aws_vpc_ipv4_cidr_block_association.this"
          ]
        },
        {
          "index_key": 1,
          "schema_version": 0,
          "attributes": {
            "gateway_id": "",
            "id": "rtbassoc-0d3af39b97e8b8850",
            "route_table_id": "rtb-001a3f08034d80092",
            "subnet_id": "subnet-014b5a5490c8167bf"
          },
          "sensitive_attributes": [],
          "private": "bnVsbA==",
          "dependencies": [
            "module.networking.data.aws_availability_zones.available",
            "module.networking.module.vpc.aws_route_table.private",
            "module.networking.module.vpc.aws_subnet.private",
            "module.networking.module.vpc.aws_vpc.this",
            "module.networking.module.vpc.aws_vpc_ipv4_cidr_block_association.this"
          ]
        }
      ]
    },
    {
      "module": "module.networking.module.vpc",
      "mode": "managed",
      "type": "aws_route_table_association",
      "name": "public",
      "provider": "provider[\"registry.terraform.io/hashicorp/aws\"]",
      "instances": [
        {
          "index_key": 0,
          "schema_version": 0,
          "attributes": {
            "gateway_id": "",
            "id": "rtbassoc-0a90c15befd4148cf",
            "route_table_id": "rtb-03c32cde7dda0fa89",
            "subnet_id": "subnet-060cc17b9c007c7c4"
          },
          "sensitive_attributes": [],
          "private": "bnVsbA==",
          "dependencies": [
            "module.networking.data.aws_availability_zones.available",
            "module.networking.module.vpc.aws_route_table.public",
            "module.networking.module.vpc.aws_subnet.public",
            "module.networking.module.vpc.aws_vpc.this",
            "module.networking.module.vpc.aws_vpc_ipv4_cidr_block_association.this"
          ]
        },
        {
          "index_key": 1,
          "schema_version": 0,
          "attributes": {
            "gateway_id": "",
            "id": "rtbassoc-06c3c306d6ef88fcc",
            "route_table_id": "rtb-03c32cde7dda0fa89",
            "subnet_id": "subnet-03ee5470763c94ec5"
          },
          "sensitive_attributes": [],
          "private": "bnVsbA==",
          "dependencies": [
            "module.networking.data.aws_availability_zones.available",
            "module.networking.module.vpc.aws_route_table.public",
            "module.networking.module.vpc.aws_subnet.public",
            "module.networking.module.vpc.aws_vpc.this",
            "module.networking.module.vpc.aws_vpc_ipv4_cidr_block_association.this"
          ]
        }
      ]
    },
    {
      "module": "module.networking.module.vpc",
      "mode": "managed",
      "type": "aws_subnet",
      "name": "private",
      "provider": "provider[\"registry.terraform.io/hashicorp/aws\"]",
      "instances": [
        {
          "index_key": 0,
          "schema_version": 1,
          "attributes": {
            "arn": "arn:aws:ec2:us-east-1:226789587175:subnet/subnet-07be9d7f7de45ffa8",
            "assign_ipv6_address_on_creation": false,
            "availability_zone": "us-east-1a",
            "availability_zone_id": "use1-az6",
            "cidr_block": "10.0.1.0/24",
            "customer_owned_ipv4_pool": "",
            "enable_dns64": false,
            "enable_resource_name_dns_a_record_on_launch": false,
            "enable_resource_name_dns_aaaa_record_on_launch": false,
            "id": "subnet-07be9d7f7de45ffa8",
            "ipv6_cidr_block": "",
            "ipv6_cidr_block_association_id": "",
            "ipv6_native": false,
            "map_customer_owned_ip_on_launch": false,
            "map_public_ip_on_launch": false,
            "outpost_arn": "",
            "owner_id": "226789587175",
            "private_dns_hostname_type_on_launch": "ip-name",
            "tags": {
              "Name": "Saurabh-test-vpc-private-us-east-1a"
            },
            "tags_all": {
              "Name": "Saurabh-test-vpc-private-us-east-1a"
            },
            "timeouts": null,
            "vpc_id": "vpc-0f40ad8e24a3985ad"
          },
          "sensitive_attributes": [],
          "private": "eyJlMmJmYjczMC1lY2FhLTExZTYtOGY4OC0zNDM2M2JjN2M0YzAiOnsiY3JlYXRlIjo2MDAwMDAwMDAwMDAsImRlbGV0ZSI6MTIwMDAwMDAwMDAwMH0sInNjaGVtYV92ZXJzaW9uIjoiMSJ9",
          "dependencies": [
            "module.networking.data.aws_availability_zones.available",
            "module.networking.module.vpc.aws_vpc.this",
            "module.networking.module.vpc.aws_vpc_ipv4_cidr_block_association.this"
          ]
        },
        {
          "index_key": 1,
          "schema_version": 1,
          "attributes": {
            "arn": "arn:aws:ec2:us-east-1:226789587175:subnet/subnet-014b5a5490c8167bf",
            "assign_ipv6_address_on_creation": false,
            "availability_zone": "us-east-1b",
            "availability_zone_id": "use1-az1",
            "cidr_block": "10.0.2.0/24",
            "customer_owned_ipv4_pool": "",
            "enable_dns64": false,
            "enable_resource_name_dns_a_record_on_launch": false,
            "enable_resource_name_dns_aaaa_record_on_launch": false,
            "id": "subnet-014b5a5490c8167bf",
            "ipv6_cidr_block": "",
            "ipv6_cidr_block_association_id": "",
            "ipv6_native": false,
            "map_customer_owned_ip_on_launch": false,
            "map_public_ip_on_launch": false,
            "outpost_arn": "",
            "owner_id": "226789587175",
            "private_dns_hostname_type_on_launch": "ip-name",
            "tags": {
              "Name": "Saurabh-test-vpc-private-us-east-1b"
            },
            "tags_all": {
              "Name": "Saurabh-test-vpc-private-us-east-1b"
            },
            "timeouts": null,
            "vpc_id": "vpc-0f40ad8e24a3985ad"
          },
          "sensitive_attributes": [],
          "private": "eyJlMmJmYjczMC1lY2FhLTExZTYtOGY4OC0zNDM2M2JjN2M0YzAiOnsiY3JlYXRlIjo2MDAwMDAwMDAwMDAsImRlbGV0ZSI6MTIwMDAwMDAwMDAwMH0sInNjaGVtYV92ZXJzaW9uIjoiMSJ9",
          "dependencies": [
            "module.networking.data.aws_availability_zones.available",
            "module.networking.module.vpc.aws_vpc.this",
            "module.networking.module.vpc.aws_vpc_ipv4_cidr_block_association.this"
          ]
        }
      ]
    },
    {
      "module": "module.networking.module.vpc",
      "mode": "managed",
      "type": "aws_subnet",
      "name": "public",
      "provider": "provider[\"registry.terraform.io/hashicorp/aws\"]",
      "instances": [
        {
          "index_key": 0,
          "schema_version": 1,
          "attributes": {
            "arn": "arn:aws:ec2:us-east-1:226789587175:subnet/subnet-060cc17b9c007c7c4",
            "assign_ipv6_address_on_creation": false,
            "availability_zone": "us-east-1a",
            "availability_zone_id": "use1-az6",
            "cidr_block": "10.0.101.0/24",
            "customer_owned_ipv4_pool": "",
            "enable_dns64": false,
            "enable_resource_name_dns_a_record_on_launch": false,
            "enable_resource_name_dns_aaaa_record_on_launch": false,
            "id": "subnet-060cc17b9c007c7c4",
            "ipv6_cidr_block": "",
            "ipv6_cidr_block_association_id": "",
            "ipv6_native": false,
            "map_customer_owned_ip_on_launch": false,
            "map_public_ip_on_launch": true,
            "outpost_arn": "",
            "owner_id": "226789587175",
            "private_dns_hostname_type_on_launch": "ip-name",
            "tags": {
              "Name": "Saurabh-test-vpc-public-us-east-1a"
            },
            "tags_all": {
              "Name": "Saurabh-test-vpc-public-us-east-1a"
            },
            "timeouts": null,
            "vpc_id": "vpc-0f40ad8e24a3985ad"
          },
          "sensitive_attributes": [],
          "private": "eyJlMmJmYjczMC1lY2FhLTExZTYtOGY4OC0zNDM2M2JjN2M0YzAiOnsiY3JlYXRlIjo2MDAwMDAwMDAwMDAsImRlbGV0ZSI6MTIwMDAwMDAwMDAwMH0sInNjaGVtYV92ZXJzaW9uIjoiMSJ9",
          "dependencies": [
            "module.networking.data.aws_availability_zones.available",
            "module.networking.module.vpc.aws_vpc.this",
            "module.networking.module.vpc.aws_vpc_ipv4_cidr_block_association.this"
          ]
        },
        {
          "index_key": 1,
          "schema_version": 1,
          "attributes": {
            "arn": "arn:aws:ec2:us-east-1:226789587175:subnet/subnet-03ee5470763c94ec5",
            "assign_ipv6_address_on_creation": false,
            "availability_zone": "us-east-1b",
            "availability_zone_id": "use1-az1",
            "cidr_block": "10.0.102.0/24",
            "customer_owned_ipv4_pool": "",
            "enable_dns64": false,
            "enable_resource_name_dns_a_record_on_launch": false,
            "enable_resource_name_dns_aaaa_record_on_launch": false,
            "id": "subnet-03ee5470763c94ec5",
            "ipv6_cidr_block": "",
            "ipv6_cidr_block_association_id": "",
            "ipv6_native": false,
            "map_customer_owned_ip_on_launch": false,
            "map_public_ip_on_launch": true,
            "outpost_arn": "",
            "owner_id": "226789587175",
            "private_dns_hostname_type_on_launch": "ip-name",
            "tags": {
              "Name": "Saurabh-test-vpc-public-us-east-1b"
            },
            "tags_all": {
              "Name": "Saurabh-test-vpc-public-us-east-1b"
            },
            "timeouts": null,
            "vpc_id": "vpc-0f40ad8e24a3985ad"
          },
          "sensitive_attributes": [],
          "private": "eyJlMmJmYjczMC1lY2FhLTExZTYtOGY4OC0zNDM2M2JjN2M0YzAiOnsiY3JlYXRlIjo2MDAwMDAwMDAwMDAsImRlbGV0ZSI6MTIwMDAwMDAwMDAwMH0sInNjaGVtYV92ZXJzaW9uIjoiMSJ9",
          "dependencies": [
            "module.networking.data.aws_availability_zones.available",
            "module.networking.module.vpc.aws_vpc.this",
            "module.networking.module.vpc.aws_vpc_ipv4_cidr_block_association.this"
          ]
        }
      ]
    },
    {
      "module": "module.networking.module.vpc",
      "mode": "managed",
      "type": "aws_vpc",
      "name": "this",
      "provider": "provider[\"registry.terraform.io/hashicorp/aws\"]",
      "instances": [
        {
          "index_key": 0,
          "schema_version": 1,
          "attributes": {
            "arn": "arn:aws:ec2:us-east-1:226789587175:vpc/vpc-0f40ad8e24a3985ad",
            "assign_generated_ipv6_cidr_block": false,
            "cidr_block": "10.0.0.0/16",
            "default_network_acl_id": "acl-0a1a20c9b171ff1f9",
            "default_route_table_id": "rtb-036bb2e2ab403eee7",
            "default_security_group_id": "sg-08566f3c9d65b71c7",
            "dhcp_options_id": "dopt-005ebbd63df369c4c",
            "enable_classiclink": false,
            "enable_classiclink_dns_support": false,
            "enable_dns_hostnames": false,
            "enable_dns_support": true,
            "id": "vpc-0f40ad8e24a3985ad",
            "instance_tenancy": "default",
            "ipv4_ipam_pool_id": null,
            "ipv4_netmask_length": null,
            "ipv6_association_id": "",
            "ipv6_cidr_block": "",
            "ipv6_cidr_block_network_border_group": "",
            "ipv6_ipam_pool_id": "",
            "ipv6_netmask_length": 0,
            "main_route_table_id": "rtb-036bb2e2ab403eee7",
            "owner_id": "226789587175",
            "tags": {
              "Name": "Saurabh-test-vpc"
            },
            "tags_all": {
              "Name": "Saurabh-test-vpc"
            }
          },
          "sensitive_attributes": [],
          "private": "eyJzY2hlbWFfdmVyc2lvbiI6IjEifQ=="
        }
      ]
    },
    {
      "module": "module.ssh-key",
      "mode": "managed",
      "type": "aws_key_pair",
      "name": "key_pair",
      "provider": "provider[\"registry.terraform.io/hashicorp/aws\"]",
      "instances": [
        {
          "schema_version": 1,
          "attributes": {
            "arn": "arn:aws:ec2:us-east-1:226789587175:key-pair/Saurabh-test-key",
            "fingerprint": "a5:d0:e4:61:93:da:60:6e:20:52:e8:41:31:e6:e2:7b",
            "id": "Saurabh-test-key",
            "key_name": "Saurabh-test-key",
            "key_name_prefix": "",
            "key_pair_id": "key-0703d7b8173f9398a",
            "key_type": "rsa",
            "public_key": "ssh-rsa AAAAB3NzaC1yc2EAAAADAQABAAABAQCxnlgyp6XY/VCDDtoX8ctHlkRIfo45Vj2SuG0JXKkiZDzJ9SVA2cndChzqdvRGV1uLRfWoHzuWYwN1WWZLnOX1WneQ/wU1kwjr1PL7X9OOqiOgU9Ve0ciqEozGG70lXk1T+w7ba67C6YBYCWhfM392WePCJNRXXRSUt8ND6Kde3e/wRs/hFwLJhPNpzkt0zNS5JpjKdBk0HKw9Hu87TqoVlYPRu32tkXjaT5ycQDosa50TUSjFiVJFDFjbZtCcWkWJeM7XA6wjXfuPL8gpEKwT7Pq5Rk2Zpg1rJ1qt75FBhRFZGK6IpyftVWZz6o7S/9bxtW6xMXoPGmy5MiFPUw1j",
            "tags": null,
            "tags_all": {}
          },
          "sensitive_attributes": [],
          "private": "eyJzY2hlbWFfdmVyc2lvbiI6IjEifQ==",
          "dependencies": [
            "module.ssh-key.tls_private_key.key"
          ]
        }
      ]
    },
    {
      "module": "module.ssh-key",
      "mode": "managed",
      "type": "local_file",
      "name": "private_key",
      "provider": "provider[\"registry.terraform.io/hashicorp/local\"]",
      "instances": [
        {
          "schema_version": 0,
          "attributes": {
            "content": null,
            "content_base64": null,
            "directory_permission": "0777",
            "file_permission": "0400",
            "filename": "Saurabh-test-key.pem",
            "id": "86a890337bf0788cc8b9aefff700200fe55ce21f",
            "sensitive_content": "-----BEGIN RSA PRIVATE KEY-----\nMIIEogIBAAKCAQEAsZ5YMqel2P1Qgw7aF/HLR5ZESH6OOVY9krhtCVypImQ8yfUl\nQNnJ3Qoc6nb0Rldbi0X1qB87lmMDdVlmS5zl9Vp3kP8FNZMI69Ty+1/TjqojoFPV\nXtHIqhKMxhu9JV5NU/sO22uuwumAWAloXzN/dlnjwiTUV10UlLfDQ+inXt3v8EbP\n4RcCyYTzac5LdMzUuSaYynQZNBysPR7vO06qFZWD0bt9rZF42k+cnEA6LGudE1Eo\nxYlSRQxY22bQnFpFiXjO1wOsI137jy/IKRCsE+z6uUZNmaYNaydare+RQYURWRiu\niKcn7VVmc+qO0v/W8bVusTF6DxpsuTIhT1MNYwIDAQABAoIBAQCLgqgcAXpO2Ykn\np76+F/lnHSw9FMp5Vre+SoW6WMGwdbMZnifIrEfWCl9z+kMcDPmmhyjRCNcw5EyP\nG80xjudAs/I+PVDGJ9tWAUlpEHeHEzQwdiid9YD7tN5FrPwAIfXzBLtCtW3rQqTA\ngYMtY7G2MBypHWx7wmyr8zq4WEE+TRx4bdheC4AJ5pGRKDP+zNDxHCPaI+oT/g6f\nQ3k2p/jv2eLl6UOyQzoiv1mmDOEIJXXeNaSK/0K6574a5GFHyBOoDCdtBPR7vDgU\nuzHNDPdyk6P1xFWz1Dtx8eY2SCbmJpBEkhzMJwsz2UzKVFVB4tmdfHeNLTHd2Z3y\nhNls0JGBAoGBAOYm/U9aAoPOvT9RrJUHN9aFdeb82LBuREiP7rGYml53/wzjYrwf\nEYZAXQs/Ikq5l2dqk54kZIeKxhMQWrJZv54Za2MA6qkAHeZnUlHGfSLrZIarxrxw\nSpKsstu4y4mwfiAVfpANcIKWRx3v9m5lCfIG3rEw2FqiaR0jTIBdUkuTAoGBAMWQ\n+qSnSX/3n8LvhZGNRGOGrW1mhh937LTukMcp3qYrF0Gt2oIzViu+UvJBIphF+m74\nypPWLcZcP74ms2pefK2u9EyeZWSb206Kp/pkaZ6Ggs+hzCMN5UzXLNJOr6u//JYP\nXyZtWVeQmmKEYruFu1ou+yiiuBh3hFB/+yw+/3jxAoGBAOKJ5jRBKNCMooK85d8a\n579kRpVCtBeVseiqpAxzZR8vhgEtoHYDLsCygeMcFajv3TOSGBNFRx6TXjxNkLiU\n1qPL6YPd1xzaXJP5h3GuqmXAxYY5drjs3rpY+wSDdPTmoH78KUOptuETApVZKXuo\nQI3WbUSEC7HKwyRHJnoDYYm5AoGAaDbDn9sGcFQkl+VU5aRI8N732H9+PFc8K2y0\nPfqeEbUlPWYBnzCJQeXRRyyInR48rhDaewU9fCbpENrFRVS2G7/v6gKbpWh5VILb\nfL8+33pAwlmsnskTrWbLo9wR2l0ZVeah4FlKCWCjr1f55MT0QOwLXDIJPg69YuE/\nkuVgSWECf057A7BzaN+mAdeXLZQnT0lq+UB6h9OW83ZnqTnDSD23uZl2FRjMV+6B\n7/Cbug9XvxMpI4vVM//0bm/fL3vCmPnSGYzvWkdAqqjEdur+edW0YziiBU0s0Y8I\n7Y1vytdL8cC2NZArK7V/SYevvViZh4tAiV6dp0jMAKUedGCoFRk=\n-----END RSA PRIVATE KEY-----\n",
            "source": null
          },
          "sensitive_attributes": [
            [
              {
                "type": "get_attr",
                "value": "sensitive_content"
              }
            ]
          ],
          "private": "bnVsbA==",
          "dependencies": [
            "module.ssh-key.tls_private_key.key"
          ]
        }
      ]
    },
    {
      "module": "module.ssh-key",
      "mode": "managed",
      "type": "tls_private_key",
      "name": "key",
      "provider": "provider[\"registry.terraform.io/hashicorp/tls\"]",
      "instances": [
        {
          "schema_version": 1,
          "attributes": {
            "algorithm": "RSA",
            "ecdsa_curve": "P224",
            "id": "ad7a613f7c85203b8b0d54b78898bebb26ac5664",
            "private_key_openssh": "-----BEGIN OPENSSH PRIVATE KEY-----\nb3BlbnNzaC1rZXktdjEAAAAABG5vbmUAAAAEbm9uZQAAAAAAAAABAAABFwAAAAdz\nc2gtcnNhAAAAAwEAAQAAAQEAsZ5YMqel2P1Qgw7aF/HLR5ZESH6OOVY9krhtCVyp\nImQ8yfUlQNnJ3Qoc6nb0Rldbi0X1qB87lmMDdVlmS5zl9Vp3kP8FNZMI69Ty+1/T\njqojoFPVXtHIqhKMxhu9JV5NU/sO22uuwumAWAloXzN/dlnjwiTUV10UlLfDQ+in\nXt3v8EbP4RcCyYTzac5LdMzUuSaYynQZNBysPR7vO06qFZWD0bt9rZF42k+cnEA6\nLGudE1EoxYlSRQxY22bQnFpFiXjO1wOsI137jy/IKRCsE+z6uUZNmaYNaydare+R\nQYURWRiuiKcn7VVmc+qO0v/W8bVusTF6DxpsuTIhT1MNYwAAA7hvRgPJb0YDyQAA\nAAdzc2gtcnNhAAABAQCxnlgyp6XY/VCDDtoX8ctHlkRIfo45Vj2SuG0JXKkiZDzJ\n9SVA2cndChzqdvRGV1uLRfWoHzuWYwN1WWZLnOX1WneQ/wU1kwjr1PL7X9OOqiOg\nU9Ve0ciqEozGG70lXk1T+w7ba67C6YBYCWhfM392WePCJNRXXRSUt8ND6Kde3e/w\nRs/hFwLJhPNpzkt0zNS5JpjKdBk0HKw9Hu87TqoVlYPRu32tkXjaT5ycQDosa50T\nUSjFiVJFDFjbZtCcWkWJeM7XA6wjXfuPL8gpEKwT7Pq5Rk2Zpg1rJ1qt75FBhRFZ\nGK6IpyftVWZz6o7S/9bxtW6xMXoPGmy5MiFPUw1jAAAAAwEAAQAAAQEAi4KoHAF6\nTtmJJ6e+vhf5Zx0sPRTKeVa3vkqFuljBsHWzGZ4nyKxH1gpfc/pDHAz5poco0QjX\nMORMjxvNMY7nQLPyPj1QxifbVgFJaRB3hxM0MHYonfWA+7TeRaz8ACH18wS7QrVt\n60KkwIGDLWOxtjAcqR1se8Jsq/M6uFhBPk0ceG3YXguACeaRkSgz/szQ8Rwj2iPq\nE/4On0N5Nqf479ni5elDskM6Ir9ZpgzhCCV13jWkiv9Cuue+GuRhR8gTqAwnbQT0\ne7w4FLsxzQz3cpOj9cRVs9Q7cfHmNkgm5iaQRJIczCcLM9lMylRVQeLZnXx3jS0x\n3dmd8oTZbNCRgQAAAH9OewOwc2jfpgHXly2UJ09JavlAeofTlvN2Z6k5w0g9t7mZ\ndhUYzFfuge/wm7oPV78TKSOL1TP/9G5v3y97wpj50hmM71pHQKqoxHbq/nnVtGM4\nogVNLNGPCO2Nb8rXS/HAtjWQKyu1f0mHr71YmYeLQIlenadIzAClHnRgqBUZAAAA\ngQDmJv1PWgKDzr0/UayVBzfWhXXm/NiwbkRIj+6xmJped/8M42K8HxGGQF0LPyJK\nuZdnapOeJGSHisYTEFqyWb+eGWtjAOqpAB3mZ1JRxn0i62SGq8a8cEqSrLLbuMuJ\nsH4gFX6QDXCClkcd7/ZuZQnyBt6xMNhaomkdI0yAXVJLkwAAAIEAxZD6pKdJf/ef\nwu+FkY1EY4atbWaGH3fstO6QxynepisXQa3agjNWK75S8kEimEX6bvjKk9Ytxlw/\nviazal58ra70TJ5lZJvbToqn+mRpnoaCz6HMIw3lTNcs0k6vq7/8lg9fJm1ZV5Ca\nYoRiu4W7Wi77KKK4GHeEUH/7LD7/ePEAAAAAAQID\n-----END OPENSSH PRIVATE KEY-----\n",
            "private_key_pem": "-----BEGIN RSA PRIVATE KEY-----\nMIIEogIBAAKCAQEAsZ5YMqel2P1Qgw7aF/HLR5ZESH6OOVY9krhtCVypImQ8yfUl\nQNnJ3Qoc6nb0Rldbi0X1qB87lmMDdVlmS5zl9Vp3kP8FNZMI69Ty+1/TjqojoFPV\nXtHIqhKMxhu9JV5NU/sO22uuwumAWAloXzN/dlnjwiTUV10UlLfDQ+inXt3v8EbP\n4RcCyYTzac5LdMzUuSaYynQZNBysPR7vO06qFZWD0bt9rZF42k+cnEA6LGudE1Eo\nxYlSRQxY22bQnFpFiXjO1wOsI137jy/IKRCsE+z6uUZNmaYNaydare+RQYURWRiu\niKcn7VVmc+qO0v/W8bVusTF6DxpsuTIhT1MNYwIDAQABAoIBAQCLgqgcAXpO2Ykn\np76+F/lnHSw9FMp5Vre+SoW6WMGwdbMZnifIrEfWCl9z+kMcDPmmhyjRCNcw5EyP\nG80xjudAs/I+PVDGJ9tWAUlpEHeHEzQwdiid9YD7tN5FrPwAIfXzBLtCtW3rQqTA\ngYMtY7G2MBypHWx7wmyr8zq4WEE+TRx4bdheC4AJ5pGRKDP+zNDxHCPaI+oT/g6f\nQ3k2p/jv2eLl6UOyQzoiv1mmDOEIJXXeNaSK/0K6574a5GFHyBOoDCdtBPR7vDgU\nuzHNDPdyk6P1xFWz1Dtx8eY2SCbmJpBEkhzMJwsz2UzKVFVB4tmdfHeNLTHd2Z3y\nhNls0JGBAoGBAOYm/U9aAoPOvT9RrJUHN9aFdeb82LBuREiP7rGYml53/wzjYrwf\nEYZAXQs/Ikq5l2dqk54kZIeKxhMQWrJZv54Za2MA6qkAHeZnUlHGfSLrZIarxrxw\nSpKsstu4y4mwfiAVfpANcIKWRx3v9m5lCfIG3rEw2FqiaR0jTIBdUkuTAoGBAMWQ\n+qSnSX/3n8LvhZGNRGOGrW1mhh937LTukMcp3qYrF0Gt2oIzViu+UvJBIphF+m74\nypPWLcZcP74ms2pefK2u9EyeZWSb206Kp/pkaZ6Ggs+hzCMN5UzXLNJOr6u//JYP\nXyZtWVeQmmKEYruFu1ou+yiiuBh3hFB/+yw+/3jxAoGBAOKJ5jRBKNCMooK85d8a\n579kRpVCtBeVseiqpAxzZR8vhgEtoHYDLsCygeMcFajv3TOSGBNFRx6TXjxNkLiU\n1qPL6YPd1xzaXJP5h3GuqmXAxYY5drjs3rpY+wSDdPTmoH78KUOptuETApVZKXuo\nQI3WbUSEC7HKwyRHJnoDYYm5AoGAaDbDn9sGcFQkl+VU5aRI8N732H9+PFc8K2y0\nPfqeEbUlPWYBnzCJQeXRRyyInR48rhDaewU9fCbpENrFRVS2G7/v6gKbpWh5VILb\nfL8+33pAwlmsnskTrWbLo9wR2l0ZVeah4FlKCWCjr1f55MT0QOwLXDIJPg69YuE/\nkuVgSWECf057A7BzaN+mAdeXLZQnT0lq+UB6h9OW83ZnqTnDSD23uZl2FRjMV+6B\n7/Cbug9XvxMpI4vVM//0bm/fL3vCmPnSGYzvWkdAqqjEdur+edW0YziiBU0s0Y8I\n7Y1vytdL8cC2NZArK7V/SYevvViZh4tAiV6dp0jMAKUedGCoFRk=\n-----END RSA PRIVATE KEY-----\n",
            "private_key_pem_pkcs8": "-----BEGIN PRIVATE KEY-----\nMIIEvAIBADANBgkqhkiG9w0BAQEFAASCBKYwggSiAgEAAoIBAQCxnlgyp6XY/VCD\nDtoX8ctHlkRIfo45Vj2SuG0JXKkiZDzJ9SVA2cndChzqdvRGV1uLRfWoHzuWYwN1\nWWZLnOX1WneQ/wU1kwjr1PL7X9OOqiOgU9Ve0ciqEozGG70lXk1T+w7ba67C6YBY\nCWhfM392WePCJNRXXRSUt8ND6Kde3e/wRs/hFwLJhPNpzkt0zNS5JpjKdBk0HKw9\nHu87TqoVlYPRu32tkXjaT5ycQDosa50TUSjFiVJFDFjbZtCcWkWJeM7XA6wjXfuP\nL8gpEKwT7Pq5Rk2Zpg1rJ1qt75FBhRFZGK6IpyftVWZz6o7S/9bxtW6xMXoPGmy5\nMiFPUw1jAgMBAAECggEBAIuCqBwBek7ZiSenvr4X+WcdLD0UynlWt75KhbpYwbB1\nsxmeJ8isR9YKX3P6QxwM+aaHKNEI1zDkTI8bzTGO50Cz8j49UMYn21YBSWkQd4cT\nNDB2KJ31gPu03kWs/AAh9fMEu0K1betCpMCBgy1jsbYwHKkdbHvCbKvzOrhYQT5N\nHHht2F4LgAnmkZEoM/7M0PEcI9oj6hP+Dp9DeTan+O/Z4uXpQ7JDOiK/WaYM4Qgl\ndd41pIr/QrrnvhrkYUfIE6gMJ20E9Hu8OBS7Mc0M93KTo/XEVbPUO3Hx5jZIJuYm\nkESSHMwnCzPZTMpUVUHi2Z18d40tMd3ZnfKE2WzQkYECgYEA5ib9T1oCg869P1Gs\nlQc31oV15vzYsG5ESI/usZiaXnf/DONivB8RhkBdCz8iSrmXZ2qTniRkh4rGExBa\nslm/nhlrYwDqqQAd5mdSUcZ9IutkhqvGvHBKkqyy27jLibB+IBV+kA1wgpZHHe/2\nbmUJ8gbesTDYWqJpHSNMgF1SS5MCgYEAxZD6pKdJf/efwu+FkY1EY4atbWaGH3fs\ntO6QxynepisXQa3agjNWK75S8kEimEX6bvjKk9Ytxlw/viazal58ra70TJ5lZJvb\nToqn+mRpnoaCz6HMIw3lTNcs0k6vq7/8lg9fJm1ZV5CaYoRiu4W7Wi77KKK4GHeE\nUH/7LD7/ePECgYEA4onmNEEo0Iyigrzl3xrnv2RGlUK0F5Wx6KqkDHNlHy+GAS2g\ndgMuwLKB4xwVqO/dM5IYE0VHHpNePE2QuJTWo8vpg93XHNpck/mHca6qZcDFhjl2\nuOzeulj7BIN09OagfvwpQ6m24RMClVkpe6hAjdZtRIQLscrDJEcmegNhibkCgYBo\nNsOf2wZwVCSX5VTlpEjw3vfYf348VzwrbLQ9+p4RtSU9ZgGfMIlB5dFHLIidHjyu\nENp7BT18JukQ2sVFVLYbv+/qApulaHlUgtt8vz7fekDCWayeyROtZsuj3BHaXRlV\n5qHgWUoJYKOvV/nkxPRA7AtcMgk+Dr1i4T+S5WBJYQJ/TnsDsHNo36YB15ctlCdP\nSWr5QHqH05bzdmepOcNIPbe5mXYVGMxX7oHv8Ju6D1e/Eykji9Uz//Rub98ve8KY\n+dIZjO9aR0CqqMR26v551bRjOKIFTSzRjwjtjW/K10vxwLY1kCsrtX9Jh6+9WJmH\ni0CJXp2nSMwApR50YKgVGQ==\n-----END PRIVATE KEY-----\n",
            "public_key_fingerprint_md5": "ad:8b:68:61:78:b8:5b:6b:2b:99:d3:6f:cc:f3:53:f6",
            "public_key_fingerprint_sha256": "SHA256:DpZ6lRciICtqrYD2FWHnG0ASxkOFhDxcBjcxBAS+3pQ",
            "public_key_openssh": "ssh-rsa AAAAB3NzaC1yc2EAAAADAQABAAABAQCxnlgyp6XY/VCDDtoX8ctHlkRIfo45Vj2SuG0JXKkiZDzJ9SVA2cndChzqdvRGV1uLRfWoHzuWYwN1WWZLnOX1WneQ/wU1kwjr1PL7X9OOqiOgU9Ve0ciqEozGG70lXk1T+w7ba67C6YBYCWhfM392WePCJNRXXRSUt8ND6Kde3e/wRs/hFwLJhPNpzkt0zNS5JpjKdBk0HKw9Hu87TqoVlYPRu32tkXjaT5ycQDosa50TUSjFiVJFDFjbZtCcWkWJeM7XA6wjXfuPL8gpEKwT7Pq5Rk2Zpg1rJ1qt75FBhRFZGK6IpyftVWZz6o7S/9bxtW6xMXoPGmy5MiFPUw1j\n",
            "public_key_pem": "-----BEGIN PUBLIC KEY-----\nMIIBIjANBgkqhkiG9w0BAQEFAAOCAQ8AMIIBCgKCAQEAsZ5YMqel2P1Qgw7aF/HL\nR5ZESH6OOVY9krhtCVypImQ8yfUlQNnJ3Qoc6nb0Rldbi0X1qB87lmMDdVlmS5zl\n9Vp3kP8FNZMI69Ty+1/TjqojoFPVXtHIqhKMxhu9JV5NU/sO22uuwumAWAloXzN/\ndlnjwiTUV10UlLfDQ+inXt3v8EbP4RcCyYTzac5LdMzUuSaYynQZNBysPR7vO06q\nFZWD0bt9rZF42k+cnEA6LGudE1EoxYlSRQxY22bQnFpFiXjO1wOsI137jy/IKRCs\nE+z6uUZNmaYNaydare+RQYURWRiuiKcn7VVmc+qO0v/W8bVusTF6DxpsuTIhT1MN\nYwIDAQAB\n-----END PUBLIC KEY-----\n",
            "rsa_bits": 2048
          },
          "sensitive_attributes": []
        }
      ]
    }
  ],
  "check_results": []
}
